// !$*UTF8*$!
{
	archiveVersion = 1;
	classes = {
	};
	objectVersion = 56;
	objects = {

/* Begin PBXBuildFile section */
		001 /* main.m in Sources */ = {isa = PBXBuildFile; fileRef = 101 /* main.m */; };
		002 /* AppDelegate.m in Sources */ = {isa = PBXBuildFile; fileRef = 102 /* AppDelegate.m */; };
		003 /* Assets.xcassets in Resources */ = {isa = PBXBuildFile; fileRef = 103 /* Assets.xcassets */; };
		004 /* Cocoa.framework in Frameworks */ = {isa = PBXBuildFile; fileRef = 201 /* Cocoa.framework */; };
		005 /* CoreGraphics.framework in Frameworks */ = {isa = PBXBuildFile; fileRef = 202 /* CoreGraphics.framework */; };
		006 /* Vision.framework in Frameworks */ = {isa = PBXBuildFile; fileRef = 203 /* Vision.framework */; };
		007 /* ApplicationServices.framework in Frameworks */ = {isa = PBXBuildFile; fileRef = 204 /* ApplicationServices.framework */; };
		008 /* MCPServer.m in Sources */ = {isa = PBXBuildFile; fileRef = 108 /* MCPServer.m */; };
		009 /* Carbon.framework in Frameworks */ = {isa = PBXBuildFile; fileRef = 205 /* Carbon.framework */; };
		010 /* FilesystemTools.m in Sources */ = {isa = PBXBuildFile; fileRef = 110 /* FilesystemTools.m */; };
		011 /* ShellTools.m in Sources */ = {isa = PBXBuildFile; fileRef = 112 /* ShellTools.m */; };
		012 /* debug-config.json in Resources */ = {isa = PBXBuildFile; fileRef = 113 /* debug-config.json */; };
		013 /* TestServer.m in Sources */ = {isa = PBXBuildFile; fileRef = 115 /* TestServer.m */; };
		7F42266F2EE6F7FD003275C6 /* BrowserBridgeServer.m in Sources */ = {isa = PBXBuildFile; fileRef = 7F42266E2EE6F7FD003275C6 /* BrowserBridgeServer.m */; };
		014 /* BrowserWebSocketServer.m in Sources */ = {isa = PBXBuildFile; fileRef = 117 /* BrowserWebSocketServer.m */; };
		015 /* StdioMCPBridge.m in Sources */ = {isa = PBXBuildFile; fileRef = 119 /* StdioMCPBridge.m */; };
		016 /* IOKit.framework in Frameworks */ = {isa = PBXBuildFile; fileRef = 206 /* IOKit.framework */; };
		017 /* GUIBridgeServer.m in Sources */ = {isa = PBXBuildFile; fileRef = 121 /* GUIBridgeServer.m */; };
		018 /* ServiceClient.m in Sources */ = {isa = PBXBuildFile; fileRef = 123 /* ServiceClient.m */; };
/* End PBXBuildFile section */

/* Begin PBXFileReference section */
		100 /* ScreenControl.app */ = {isa = PBXFileReference; explicitFileType = wrapper.application; includeInIndex = 0; path = ScreenControl.app; sourceTree = BUILT_PRODUCTS_DIR; };
		101 /* main.m */ = {isa = PBXFileReference; lastKnownFileType = sourcecode.c.objc; path = main.m; sourceTree = "<group>"; };
		102 /* AppDelegate.m */ = {isa = PBXFileReference; lastKnownFileType = sourcecode.c.objc; path = AppDelegate.m; sourceTree = "<group>"; };
		103 /* Assets.xcassets */ = {isa = PBXFileReference; lastKnownFileType = folder.assetcatalog; path = Assets.xcassets; sourceTree = "<group>"; };
		104 /* Info.plist */ = {isa = PBXFileReference; lastKnownFileType = text.plist.xml; path = Info.plist; sourceTree = "<group>"; };
		105 /* ScreenControl.entitlements */ = {isa = PBXFileReference; lastKnownFileType = text.plist.entitlements; path = ScreenControl.entitlements; sourceTree = "<group>"; };
		106 /* AppDelegate.h */ = {isa = PBXFileReference; lastKnownFileType = sourcecode.c.h; path = AppDelegate.h; sourceTree = "<group>"; };
		107 /* MCPServer.h */ = {isa = PBXFileReference; lastKnownFileType = sourcecode.c.h; path = MCPServer.h; sourceTree = "<group>"; };
		108 /* MCPServer.m */ = {isa = PBXFileReference; lastKnownFileType = sourcecode.c.objc; path = MCPServer.m; sourceTree = "<group>"; };
		109 /* FilesystemTools.h */ = {isa = PBXFileReference; lastKnownFileType = sourcecode.c.h; path = FilesystemTools.h; sourceTree = "<group>"; };
		110 /* FilesystemTools.m */ = {isa = PBXFileReference; lastKnownFileType = sourcecode.c.objc; path = FilesystemTools.m; sourceTree = "<group>"; };
		111 /* ShellTools.h */ = {isa = PBXFileReference; lastKnownFileType = sourcecode.c.h; path = ShellTools.h; sourceTree = "<group>"; };
		112 /* ShellTools.m */ = {isa = PBXFileReference; lastKnownFileType = sourcecode.c.objc; path = ShellTools.m; sourceTree = "<group>"; };
		113 /* debug-config.json */ = {isa = PBXFileReference; lastKnownFileType = text.json; path = "debug-config.json"; sourceTree = "<group>"; };
		114 /* TestServer.h */ = {isa = PBXFileReference; lastKnownFileType = sourcecode.c.h; path = TestServer.h; sourceTree = "<group>"; };
		115 /* TestServer.m */ = {isa = PBXFileReference; lastKnownFileType = sourcecode.c.objc; path = TestServer.m; sourceTree = "<group>"; };
		201 /* Cocoa.framework */ = {isa = PBXFileReference; lastKnownFileType = wrapper.framework; name = Cocoa.framework; path = System/Library/Frameworks/Cocoa.framework; sourceTree = SDKROOT; };
		202 /* CoreGraphics.framework */ = {isa = PBXFileReference; lastKnownFileType = wrapper.framework; name = CoreGraphics.framework; path = System/Library/Frameworks/CoreGraphics.framework; sourceTree = SDKROOT; };
		203 /* Vision.framework */ = {isa = PBXFileReference; lastKnownFileType = wrapper.framework; name = Vision.framework; path = System/Library/Frameworks/Vision.framework; sourceTree = SDKROOT; };
		204 /* ApplicationServices.framework */ = {isa = PBXFileReference; lastKnownFileType = wrapper.framework; name = ApplicationServices.framework; path = System/Library/Frameworks/ApplicationServices.framework; sourceTree = SDKROOT; };
		205 /* Carbon.framework */ = {isa = PBXFileReference; lastKnownFileType = wrapper.framework; name = Carbon.framework; path = System/Library/Frameworks/Carbon.framework; sourceTree = SDKROOT; };
		7F42266D2EE6F7FD003275C6 /* BrowserBridgeServer.h */ = {isa = PBXFileReference; lastKnownFileType = sourcecode.c.h; path = BrowserBridgeServer.h; sourceTree = "<group>"; };
		7F42266E2EE6F7FD003275C6 /* BrowserBridgeServer.m */ = {isa = PBXFileReference; lastKnownFileType = sourcecode.c.objc; path = BrowserBridgeServer.m; sourceTree = "<group>"; };
		116 /* BrowserWebSocketServer.h */ = {isa = PBXFileReference; lastKnownFileType = sourcecode.c.h; path = BrowserWebSocketServer.h; sourceTree = "<group>"; };
		117 /* BrowserWebSocketServer.m */ = {isa = PBXFileReference; lastKnownFileType = sourcecode.c.objc; path = BrowserWebSocketServer.m; sourceTree = "<group>"; };
		118 /* StdioMCPBridge.h */ = {isa = PBXFileReference; lastKnownFileType = sourcecode.c.h; path = StdioMCPBridge.h; sourceTree = "<group>"; };
		119 /* StdioMCPBridge.m */ = {isa = PBXFileReference; lastKnownFileType = sourcecode.c.objc; path = StdioMCPBridge.m; sourceTree = "<group>"; };
		120 /* GUIBridgeServer.h */ = {isa = PBXFileReference; lastKnownFileType = sourcecode.c.h; path = GUIBridgeServer.h; sourceTree = "<group>"; };
		121 /* GUIBridgeServer.m */ = {isa = PBXFileReference; lastKnownFileType = sourcecode.c.objc; path = GUIBridgeServer.m; sourceTree = "<group>"; };
		122 /* ServiceClient.h */ = {isa = PBXFileReference; lastKnownFileType = sourcecode.c.h; path = ServiceClient.h; sourceTree = "<group>"; };
		123 /* ServiceClient.m */ = {isa = PBXFileReference; lastKnownFileType = sourcecode.c.objc; path = ServiceClient.m; sourceTree = "<group>"; };
		206 /* IOKit.framework */ = {isa = PBXFileReference; lastKnownFileType = wrapper.framework; name = IOKit.framework; path = System/Library/Frameworks/IOKit.framework; sourceTree = SDKROOT; };
/* End PBXFileReference section */

/* Begin PBXFrameworksBuildPhase section */
		F01 /* Frameworks */ = {
			isa = PBXFrameworksBuildPhase;
			buildActionMask = 2147483647;
			files = (
				004 /* Cocoa.framework in Frameworks */,
				005 /* CoreGraphics.framework in Frameworks */,
				006 /* Vision.framework in Frameworks */,
				007 /* ApplicationServices.framework in Frameworks */,
				009 /* Carbon.framework in Frameworks */,
				016 /* IOKit.framework in Frameworks */,
			);
			runOnlyForDeploymentPostprocessing = 0;
		};
/* End PBXFrameworksBuildPhase section */

/* Begin PBXGroup section */
		G01 = {
			isa = PBXGroup;
			children = (
				G02 /* ScreenControl */,
				G03 /* Frameworks */,
				G04 /* Products */,
			);
			sourceTree = "<group>";
		};
		G02 /* ScreenControl */ = {
			isa = PBXGroup;
			children = (
				7F42266D2EE6F7FD003275C6 /* BrowserBridgeServer.h */,
				7F42266E2EE6F7FD003275C6 /* BrowserBridgeServer.m */,
				116 /* BrowserWebSocketServer.h */,
				117 /* BrowserWebSocketServer.m */,
				118 /* StdioMCPBridge.h */,
				119 /* StdioMCPBridge.m */,
				120 /* GUIBridgeServer.h */,
				121 /* GUIBridgeServer.m */,
				122 /* ServiceClient.h */,
				123 /* ServiceClient.m */,
				101 /* main.m */,
				106 /* AppDelegate.h */,
				102 /* AppDelegate.m */,
				107 /* MCPServer.h */,
				108 /* MCPServer.m */,
				109 /* FilesystemTools.h */,
				110 /* FilesystemTools.m */,
				111 /* ShellTools.h */,
				112 /* ShellTools.m */,
				114 /* TestServer.h */,
				115 /* TestServer.m */,
				103 /* Assets.xcassets */,
				104 /* Info.plist */,
				105 /* ScreenControl.entitlements */,
				113 /* debug-config.json */,
			);
			path = ScreenControl;
			sourceTree = "<group>";
		};
		G03 /* Frameworks */ = {
			isa = PBXGroup;
			children = (
				201 /* Cocoa.framework */,
				202 /* CoreGraphics.framework */,
				203 /* Vision.framework */,
				204 /* ApplicationServices.framework */,
				205 /* Carbon.framework */,
				206 /* IOKit.framework */,
			);
			name = Frameworks;
			sourceTree = "<group>";
		};
		G04 /* Products */ = {
			isa = PBXGroup;
			children = (
				100 /* ScreenControl.app */,
			);
			name = Products;
			sourceTree = "<group>";
		};
/* End PBXGroup section */

/* Begin PBXNativeTarget section */
		T01 /* ScreenControl */ = {
			isa = PBXNativeTarget;
			buildConfigurationList = C01 /* Build configuration list for PBXNativeTarget "ScreenControl" */;
			buildPhases = (
				S01 /* Sources */,
				F01 /* Frameworks */,
				R01 /* Resources */,
			);
			buildRules = (
			);
			dependencies = (
			);
			name = ScreenControl;
			productName = ScreenControl;
			productReference = 100 /* ScreenControl.app */;
			productType = "com.apple.product-type.application";
		};
/* End PBXNativeTarget section */

/* Begin PBXProject section */
		P01 /* Project object */ = {
			isa = PBXProject;
			attributes = {
				BuildIndependentTargetsInParallel = 1;
				LastUpgradeCheck = 2610;
				TargetAttributes = {
					T01 = {
						CreatedOnToolsVersion = 15.0;
					};
				};
			};
			buildConfigurationList = C02 /* Build configuration list for PBXProject "ScreenControl" */;
			compatibilityVersion = "Xcode 14.0";
			developmentRegion = en;
			hasScannedForEncodings = 0;
			knownRegions = (
				en,
				Base,
			);
			mainGroup = G01;
			productRefGroup = G04 /* Products */;
			projectDirPath = "";
			projectRoot = "";
			targets = (
				T01 /* ScreenControl */,
			);
		};
/* End PBXProject section */

/* Begin PBXResourcesBuildPhase section */
		R01 /* Resources */ = {
			isa = PBXResourcesBuildPhase;
			buildActionMask = 2147483647;
			files = (
				003 /* Assets.xcassets in Resources */,
				012 /* debug-config.json in Resources */,
			);
			runOnlyForDeploymentPostprocessing = 0;
		};
/* End PBXResourcesBuildPhase section */

/* Begin PBXSourcesBuildPhase section */
		S01 /* Sources */ = {
			isa = PBXSourcesBuildPhase;
			buildActionMask = 2147483647;
			files = (
				001 /* main.m in Sources */,
				002 /* AppDelegate.m in Sources */,
				7F42266F2EE6F7FD003275C6 /* BrowserBridgeServer.m in Sources */,
				014 /* BrowserWebSocketServer.m in Sources */,
				015 /* StdioMCPBridge.m in Sources */,
				017 /* GUIBridgeServer.m in Sources */,
				018 /* ServiceClient.m in Sources */,
				008 /* MCPServer.m in Sources */,
				010 /* FilesystemTools.m in Sources */,
				011 /* ShellTools.m in Sources */,
				013 /* TestServer.m in Sources */,
			);
			runOnlyForDeploymentPostprocessing = 0;
		};
/* End PBXSourcesBuildPhase section */

/* Begin XCBuildConfiguration section */
		BC01 /* Debug */ = {
			isa = XCBuildConfiguration;
			buildSettings = {
				ASSETCATALOG_COMPILER_APPICON_NAME = AppIcon;
				ASSETCATALOG_COMPILER_GLOBAL_ACCENT_COLOR_NAME = AccentColor;
				CODE_SIGN_ENTITLEMENTS = ScreenControl/ScreenControl.entitlements;
				CODE_SIGN_STYLE = Automatic;
				COMBINE_HIDPI_IMAGES = YES;
				CURRENT_PROJECT_VERSION = 1;
				DEAD_CODE_STRIPPING = YES;
				ENABLE_APP_SANDBOX = NO;
				GENERATE_INFOPLIST_FILE = NO;
				INFOPLIST_FILE = ScreenControl/Info.plist;
				INFOPLIST_KEY_NSHumanReadableCopyright = "Copyright © 2024 ScreenControl. All rights reserved.";
				INFOPLIST_KEY_NSPrincipalClass = NSApplication;
				LD_RUNPATH_SEARCH_PATHS = (
					"$(inherited)",
					"@executable_path/../Frameworks",
				);
				MACOSX_DEPLOYMENT_TARGET = 12.0;
				MARKETING_VERSION = 2.0.5;
				PRODUCT_BUNDLE_IDENTIFIER = com.screencontrol.agent;
				PRODUCT_NAME = "$(TARGET_NAME)";
				RUNTIME_EXCEPTION_ALLOW_JIT = YES;
				RUNTIME_EXCEPTION_ALLOW_UNSIGNED_EXECUTABLE_MEMORY = YES;
				RUNTIME_EXCEPTION_DISABLE_LIBRARY_VALIDATION = YES;
				SWIFT_EMIT_LOC_STRINGS = YES;
			};
			name = Debug;
		};
		BC02 /* Release */ = {
			isa = XCBuildConfiguration;
			buildSettings = {
				ASSETCATALOG_COMPILER_APPICON_NAME = AppIcon;
				ASSETCATALOG_COMPILER_GLOBAL_ACCENT_COLOR_NAME = AccentColor;
				CODE_SIGN_ENTITLEMENTS = ScreenControl/ScreenControl.entitlements;
				CODE_SIGN_STYLE = Automatic;
				COMBINE_HIDPI_IMAGES = YES;
				CURRENT_PROJECT_VERSION = 1;
				DEAD_CODE_STRIPPING = YES;
				ENABLE_APP_SANDBOX = NO;
				GENERATE_INFOPLIST_FILE = NO;
				INFOPLIST_FILE = ScreenControl/Info.plist;
				INFOPLIST_KEY_NSHumanReadableCopyright = "Copyright © 2024 ScreenControl. All rights reserved.";
				INFOPLIST_KEY_NSPrincipalClass = NSApplication;
				LD_RUNPATH_SEARCH_PATHS = (
					"$(inherited)",
					"@executable_path/../Frameworks",
				);
				MACOSX_DEPLOYMENT_TARGET = 12.0;
				MARKETING_VERSION = 2.0.5;
				PRODUCT_BUNDLE_IDENTIFIER = com.screencontrol.agent;
				PRODUCT_NAME = "$(TARGET_NAME)";
				RUNTIME_EXCEPTION_ALLOW_JIT = YES;
				RUNTIME_EXCEPTION_ALLOW_UNSIGNED_EXECUTABLE_MEMORY = YES;
				RUNTIME_EXCEPTION_DISABLE_LIBRARY_VALIDATION = YES;
				SWIFT_EMIT_LOC_STRINGS = YES;
			};
			name = Release;
		};
		BC03 /* Debug */ = {
			isa = XCBuildConfiguration;
			buildSettings = {
				ALWAYS_SEARCH_USER_PATHS = NO;
				ASSETCATALOG_COMPILER_GENERATE_SWIFT_ASSET_SYMBOL_EXTENSIONS = YES;
				CLANG_ANALYZER_NONNULL = YES;
				CLANG_ANALYZER_NUMBER_OBJECT_CONVERSION = YES_AGGRESSIVE;
				CLANG_CXX_LANGUAGE_STANDARD = "gnu++20";
				CLANG_ENABLE_MODULES = YES;
				CLANG_ENABLE_OBJC_ARC = YES;
				CLANG_ENABLE_OBJC_WEAK = YES;
				CLANG_WARN_BLOCK_CAPTURE_AUTORELEASING = YES;
				CLANG_WARN_BOOL_CONVERSION = YES;
				CLANG_WARN_COMMA = YES;
				CLANG_WARN_CONSTANT_CONVERSION = YES;
				CLANG_WARN_DEPRECATED_OBJC_IMPLEMENTATIONS = YES;
				CLANG_WARN_DIRECT_OBJC_ISA_USAGE = YES_ERROR;
				CLANG_WARN_DOCUMENTATION_COMMENTS = YES;
				CLANG_WARN_EMPTY_BODY = YES;
				CLANG_WARN_ENUM_CONVERSION = YES;
				CLANG_WARN_INFINITE_RECURSION = YES;
				CLANG_WARN_INT_CONVERSION = YES;
				CLANG_WARN_NON_LITERAL_NULL_CONVERSION = YES;
				CLANG_WARN_OBJC_IMPLICIT_RETAIN_SELF = YES;
				CLANG_WARN_OBJC_LITERAL_CONVERSION = YES;
				CLANG_WARN_OBJC_ROOT_CLASS = YES_ERROR;
				CLANG_WARN_QUOTED_INCLUDE_IN_FRAMEWORK_HEADER = YES;
				CLANG_WARN_RANGE_LOOP_ANALYSIS = YES;
				CLANG_WARN_STRICT_PROTOTYPES = YES;
				CLANG_WARN_SUSPICIOUS_MOVE = YES;
				CLANG_WARN_UNGUARDED_AVAILABILITY = YES_AGGRESSIVE;
				CLANG_WARN_UNREACHABLE_CODE = YES;
				CLANG_WARN__DUPLICATE_METHOD_MATCH = YES;
				COPY_PHASE_STRIP = NO;
				DEAD_CODE_STRIPPING = YES;
				DEBUG_INFORMATION_FORMAT = dwarf;
				DEVELOPMENT_TEAM = LZ7T6LSFQ5;
				ENABLE_STRICT_OBJC_MSGSEND = YES;
				ENABLE_TESTABILITY = YES;
				ENABLE_USER_SCRIPT_SANDBOXING = YES;
				GCC_C_LANGUAGE_STANDARD = gnu17;
				GCC_DYNAMIC_NO_PIC = NO;
				GCC_NO_COMMON_BLOCKS = YES;
				GCC_OPTIMIZATION_LEVEL = 0;
				GCC_PREPROCESSOR_DEFINITIONS = (
					"DEBUG=1",
					"$(inherited)",
				);
				GCC_WARN_64_TO_32_BIT_CONVERSION = YES;
				GCC_WARN_ABOUT_RETURN_TYPE = YES_ERROR;
				GCC_WARN_UNDECLARED_SELECTOR = YES;
				GCC_WARN_UNINITIALIZED_AUTOS = YES_AGGRESSIVE;
				GCC_WARN_UNUSED_FUNCTION = YES;
				GCC_WARN_UNUSED_VARIABLE = YES;
				MACOSX_DEPLOYMENT_TARGET = 12.0;
				MTL_ENABLE_DEBUG_INFO = INCLUDE_SOURCE;
				MTL_FAST_MATH = YES;
				ONLY_ACTIVE_ARCH = YES;
				SDKROOT = macosx;
				STRING_CATALOG_GENERATE_SYMBOLS = YES;
			};
			name = Debug;
		};
		BC04 /* Release */ = {
			isa = XCBuildConfiguration;
			buildSettings = {
				ALWAYS_SEARCH_USER_PATHS = NO;
				ASSETCATALOG_COMPILER_GENERATE_SWIFT_ASSET_SYMBOL_EXTENSIONS = YES;
				CLANG_ANALYZER_NONNULL = YES;
				CLANG_ANALYZER_NUMBER_OBJECT_CONVERSION = YES_AGGRESSIVE;
				CLANG_CXX_LANGUAGE_STANDARD = "gnu++20";
				CLANG_ENABLE_MODULES = YES;
				CLANG_ENABLE_OBJC_ARC = YES;
				CLANG_ENABLE_OBJC_WEAK = YES;
				CLANG_WARN_BLOCK_CAPTURE_AUTORELEASING = YES;
				CLANG_WARN_BOOL_CONVERSION = YES;
				CLANG_WARN_COMMA = YES;
				CLANG_WARN_CONSTANT_CONVERSION = YES;
				CLANG_WARN_DEPRECATED_OBJC_IMPLEMENTATIONS = YES;
				CLANG_WARN_DIRECT_OBJC_ISA_USAGE = YES_ERROR;
				CLANG_WARN_DOCUMENTATION_COMMENTS = YES;
				CLANG_WARN_EMPTY_BODY = YES;
				CLANG_WARN_ENUM_CONVERSION = YES;
				CLANG_WARN_INFINITE_RECURSION = YES;
				CLANG_WARN_INT_CONVERSION = YES;
				CLANG_WARN_NON_LITERAL_NULL_CONVERSION = YES;
				CLANG_WARN_OBJC_IMPLICIT_RETAIN_SELF = YES;
				CLANG_WARN_OBJC_LITERAL_CONVERSION = YES;
				CLANG_WARN_OBJC_ROOT_CLASS = YES_ERROR;
				CLANG_WARN_QUOTED_INCLUDE_IN_FRAMEWORK_HEADER = YES;
				CLANG_WARN_RANGE_LOOP_ANALYSIS = YES;
				CLANG_WARN_STRICT_PROTOTYPES = YES;
				CLANG_WARN_SUSPICIOUS_MOVE = YES;
				CLANG_WARN_UNGUARDED_AVAILABILITY = YES_AGGRESSIVE;
				CLANG_WARN_UNREACHABLE_CODE = YES;
				CLANG_WARN__DUPLICATE_METHOD_MATCH = YES;
				COPY_PHASE_STRIP = NO;
				DEAD_CODE_STRIPPING = YES;
				DEBUG_INFORMATION_FORMAT = "dwarf-with-dsym";
				DEVELOPMENT_TEAM = LZ7T6LSFQ5;
				ENABLE_NS_ASSERTIONS = NO;
				ENABLE_STRICT_OBJC_MSGSEND = YES;
				ENABLE_USER_SCRIPT_SANDBOXING = YES;
				GCC_C_LANGUAGE_STANDARD = gnu17;
				GCC_NO_COMMON_BLOCKS = YES;
				GCC_WARN_64_TO_32_BIT_CONVERSION = YES;
				GCC_WARN_ABOUT_RETURN_TYPE = YES_ERROR;
				GCC_WARN_UNDECLARED_SELECTOR = YES;
				GCC_WARN_UNINITIALIZED_AUTOS = YES_AGGRESSIVE;
				GCC_WARN_UNUSED_FUNCTION = YES;
				GCC_WARN_UNUSED_VARIABLE = YES;
				MACOSX_DEPLOYMENT_TARGET = 12.0;
				MTL_ENABLE_DEBUG_INFO = NO;
				MTL_FAST_MATH = YES;
				SDKROOT = macosx;
				STRING_CATALOG_GENERATE_SYMBOLS = YES;
			};
			name = Release;
		};
/* End XCBuildConfiguration section */

/* Begin XCConfigurationList section */
		C01 /* Build configuration list for PBXNativeTarget "ScreenControl" */ = {
			isa = XCConfigurationList;
			buildConfigurations = (
				BC01 /* Debug */,
				BC02 /* Release */,
			);
			defaultConfigurationIsVisible = 0;
			defaultConfigurationName = Release;
		};
		C02 /* Build configuration list for PBXProject "ScreenControl" */ = {
			isa = XCConfigurationList;
			buildConfigurations = (
				BC03 /* Debug */,
				BC04 /* Release */,
			);
			defaultConfigurationIsVisible = 0;
			defaultConfigurationName = Release;
		};
/* End XCConfigurationList section */
	};
	rootObject = P01 /* Project object */;
}
